
Microsoft Visual Studio Solution File, Format Version 12.00
# Visual Studio Version 17
VisualStudioVersion = 17.0.31903.59
MinimumVisualStudioVersion = 10.0.40219.1
Project("{FAE04EC0-301F-11D3-BF4B-00C04F79EFBC}") = "ScoreboardCharacters", "ScoreboardCharacters\ScoreboardCharacters.csproj", "{794ED994-0083-46EF-8C66-AB3CB5BF0279}"
EndProject
Project("{FAE04EC0-301F-11D3-BF4B-00C04F79EFBC}") = "TrueAbove1kRank", "TrueAbove1kRank\TrueAbove1kRank.csproj", "{8E4EE83A-B128-4AEA-97D2-48F394FD2028}"
EndProject
Project("{FAE04EC0-301F-11D3-BF4B-00C04F79EFBC}") = "Experimental", "Experimental\Experimental.csproj", "{082914E7-F674-44DE-A368-8DDC9071E5D5}"
EndProject
Project("{FAE04EC0-301F-11D3-BF4B-00C04F79EFBC}") = "AlbumScroll", "AlbumScroll\AlbumScroll.csproj", "{2A2BDAAF-4AF3-433C-9C75-B6D3ACE5D2B1}"
EndProject
Project("{FAE04EC0-301F-11D3-BF4B-00C04F79EFBC}") = "SongInfo", "SongInfo\SongInfo.csproj", "{A4EB0070-E2DE-4570-9CE6-0E0FFC462324}"
EndProject
Project("{FAE04EC0-301F-11D3-BF4B-00C04F79EFBC}") = "UITweaks", "UITweaks\UITweaks.csproj", "{5CEFBCD5-2126-4FBA-B411-9F51AF0676B1}"
EndProject
Global
	GlobalSection(SolutionConfigurationPlatforms) = preSolution
		Debug|Any CPU = Debug|Any CPU
		Release|Any CPU = Release|Any CPU
	EndGlobalSection
	GlobalSection(SolutionProperties) = preSolution
		HideSolutionNode = FALSE
	EndGlobalSection
	GlobalSection(ProjectConfigurationPlatforms) = postSolution
		{794ED994-0083-46EF-8C66-AB3CB5BF0279}.Debug|Any CPU.ActiveCfg = Debug|Any CPU
		{794ED994-0083-46EF-8C66-AB3CB5BF0279}.Debug|Any CPU.Build.0 = Debug|Any CPU
		{794ED994-0083-46EF-8C66-AB3CB5BF0279}.Release|Any CPU.ActiveCfg = Release|Any CPU
		{794ED994-0083-46EF-8C66-AB3CB5BF0279}.Release|Any CPU.Build.0 = Release|Any CPU
		{8E4EE83A-B128-4AEA-97D2-48F394FD2028}.Debug|Any CPU.ActiveCfg = Debug|Any CPU
		{8E4EE83A-B128-4AEA-97D2-48F394FD2028}.Debug|Any CPU.Build.0 = Debug|Any CPU
		{8E4EE83A-B128-4AEA-97D2-48F394FD2028}.Release|Any CPU.ActiveCfg = Release|Any CPU
		{8E4EE83A-B128-4AEA-97D2-48F394FD2028}.Release|Any CPU.Build.0 = Release|Any CPU
		{082914E7-F674-44DE-A368-8DDC9071E5D5}.Debug|Any CPU.ActiveCfg = Debug|Any CPU
		{082914E7-F674-44DE-A368-8DDC9071E5D5}.Debug|Any CPU.Build.0 = Debug|Any CPU
		{082914E7-F674-44DE-A368-8DDC9071E5D5}.Release|Any CPU.ActiveCfg = Release|Any CPU
		{082914E7-F674-44DE-A368-8DDC9071E5D5}.Release|Any CPU.Build.0 = Release|Any CPU
		{2A2BDAAF-4AF3-433C-9C75-B6D3ACE5D2B1}.Debug|Any CPU.ActiveCfg = Debug|Any CPU
		{2A2BDAAF-4AF3-433C-9C75-B6D3ACE5D2B1}.Debug|Any CPU.Build.0 = Debug|Any CPU
		{2A2BDAAF-4AF3-433C-9C75-B6D3ACE5D2B1}.Release|Any CPU.ActiveCfg = Release|Any CPU
		{2A2BDAAF-4AF3-433C-9C75-B6D3ACE5D2B1}.Release|Any CPU.Build.0 = Release|Any CPU
		{A4EB0070-E2DE-4570-9CE6-0E0FFC462324}.Debug|Any CPU.ActiveCfg = Debug|Any CPU
		{A4EB0070-E2DE-4570-9CE6-0E0FFC462324}.Debug|Any CPU.Build.0 = Debug|Any CPU
		{A4EB0070-E2DE-4570-9CE6-0E0FFC462324}.Release|Any CPU.ActiveCfg = Release|Any CPU
		{A4EB0070-E2DE-4570-9CE6-0E0FFC462324}.Release|Any CPU.Build.0 = Release|Any CPU
		{5CEFBCD5-2126-4FBA-B411-9F51AF0676B1}.Debug|Any CPU.ActiveCfg = Debug|Any CPU
		{5CEFBCD5-2126-4FBA-B411-9F51AF0676B1}.Debug|Any CPU.Build.0 = Debug|Any CPU
		{5CEFBCD5-2126-4FBA-B411-9F51AF0676B1}.Release|Any CPU.ActiveCfg = Release|Any CPU
		{5CEFBCD5-2126-4FBA-B411-9F51AF0676B1}.Release|Any CPU.Build.0 = Release|Any CPU
	EndGlobalSection
EndGlobal
